# THIS IS AN AUTOGENERATED FILE. DO NOT EDIT THIS FILE DIRECTLY.
# yarn lockfile v1


odometer@^0.4.8:
  version "0.4.8"
  resolved "https://registry.yarnpkg.com/odometer/-/odometer-0.4.8.tgz#2f6703bf4c6b384c278236d04d4bc8171abe4374"
  integrity sha1-L2cDv0xrOEwngjbQTUvIFxq+Q3Q=

react-odometerjs@^2.1.2:
  version "2.1.2"
  resolved "https://registry.yarnpkg.com/react-odometerjs/-/react-odometerjs-2.1.2.tgz#0a6376aac44fc68613c4b04ed6cb6952cd68182f"
  integrity sha512-e2fflNzoOwCGOI2PG5HZkp8Sl8AEIk/Ug1UilU4H93GZWxK94g5AnrGuaqfAZKp85QxG61L/uHd98OOh/8HOyg==
  dependencies:
    odometer "^0.4.8"
